
Microsoft Visual Studio Solution File, Format Version 12.00
# Visual Studio Version 17
VisualStudioVersion = 17.3.32901.215
MinimumVisualStudioVersion = 10.0.40219.1
Project("{9A19103F-16F7-4668-BE54-9A1E7A4F7556}") = "class8.1", "class8.1\class8.1.csproj", "{D1EE094E-4D98-4286-82D6-D75B3D65BE95}"
EndProject
Project("{9A19103F-16F7-4668-BE54-9A1E7A4F7556}") = "class8.11", "class8.11\class8.11.csproj", "{450EB820-94A0-4630-9265-B9C7D4388E03}"
EndProject
Project("{9A19103F-16F7-4668-BE54-9A1E7A4F7556}") = "class8.3", "class8.3\class8.3.csproj", "{12805409-6347-4720-AA04-60AA4C44F4E0}"
EndProject
Project("{9A19103F-16F7-4668-BE54-9A1E7A4F7556}") = "class8.31", "class8.31\class8.31.csproj", "{1C8B57F5-B822-4B7D-B6E9-F8A2C6C2B675}"
EndProject
Project("{9A19103F-16F7-4668-BE54-9A1E7A4F7556}") = "class8.33", "class8.33\class8.33.csproj", "{B1E1E52B-BB1B-492C-B8E7-1E2C4C74F21C}"
EndProject
Project("{9A19103F-16F7-4668-BE54-9A1E7A4F7556}") = "class8.4", "class8.4\class8.4.csproj", "{B38D5F33-DA1D-4C4A-A7C5-E167DF9AF439}"
EndProject
Project("{9A19103F-16F7-4668-BE54-9A1E7A4F7556}") = "class8.5", "class8.5\class8.5.csproj", "{07FAA653-0E78-4B74-A0AF-1D41334093B7}"
EndProject
Project("{9A19103F-16F7-4668-BE54-9A1E7A4F7556}") = "class8.6", "class8.6\class8.6.csproj", "{9CC0736C-84AE-43ED-BB36-F029439F0ADA}"
EndProject
Project("{9A19103F-16F7-4668-BE54-9A1E7A4F7556}") = "class8.7", "class8.7\class8.7.csproj", "{9C7AC6DB-860B-4BFF-953B-338707676AA1}"
EndProject
Project("{FAE04EC0-301F-11D3-BF4B-00C04F79EFBC}") = "class8.222", "class8.222\class8.222.csproj", "{78F53843-89B3-4859-8DC4-D3BEF21B5055}"
EndProject
Project("{FAE04EC0-301F-11D3-BF4B-00C04F79EFBC}") = "class8.44444", "class8.44444\class8.44444.csproj", "{9C23794B-C928-49B3-BBED-345F0431B121}"
EndProject
Global
	GlobalSection(SolutionConfigurationPlatforms) = preSolution
		Debug|Any CPU = Debug|Any CPU
		Debug|x64 = Debug|x64
		Debug|x86 = Debug|x86
		Release|Any CPU = Release|Any CPU
		Release|x64 = Release|x64
		Release|x86 = Release|x86
	EndGlobalSection
	GlobalSection(ProjectConfigurationPlatforms) = postSolution
		{D1EE094E-4D98-4286-82D6-D75B3D65BE95}.Debug|Any CPU.ActiveCfg = Debug|Any CPU
		{D1EE094E-4D98-4286-82D6-D75B3D65BE95}.Debug|Any CPU.Build.0 = Debug|Any CPU
		{D1EE094E-4D98-4286-82D6-D75B3D65BE95}.Debug|x64.ActiveCfg = Debug|Any CPU
		{D1EE094E-4D98-4286-82D6-D75B3D65BE95}.Debug|x64.Build.0 = Debug|Any CPU
		{D1EE094E-4D98-4286-82D6-D75B3D65BE95}.Debug|x86.ActiveCfg = Debug|Any CPU
		{D1EE094E-4D98-4286-82D6-D75B3D65BE95}.Debug|x86.Build.0 = Debug|Any CPU
		{D1EE094E-4D98-4286-82D6-D75B3D65BE95}.Release|Any CPU.ActiveCfg = Release|Any CPU
		{D1EE094E-4D98-4286-82D6-D75B3D65BE95}.Release|Any CPU.Build.0 = Release|Any CPU
		{D1EE094E-4D98-4286-82D6-D75B3D65BE95}.Release|x64.ActiveCfg = Release|Any CPU
		{D1EE094E-4D98-4286-82D6-D75B3D65BE95}.Release|x64.Build.0 = Release|Any CPU
		{D1EE094E-4D98-4286-82D6-D75B3D65BE95}.Release|x86.ActiveCfg = Release|Any CPU
		{D1EE094E-4D98-4286-82D6-D75B3D65BE95}.Release|x86.Build.0 = Release|Any CPU
		{450EB820-94A0-4630-9265-B9C7D4388E03}.Debug|Any CPU.ActiveCfg = Debug|Any CPU
		{450EB820-94A0-4630-9265-B9C7D4388E03}.Debug|Any CPU.Build.0 = Debug|Any CPU
		{450EB820-94A0-4630-9265-B9C7D4388E03}.Debug|x64.ActiveCfg = Debug|Any CPU
		{450EB820-94A0-4630-9265-B9C7D4388E03}.Debug|x64.Build.0 = Debug|Any CPU
		{450EB820-94A0-4630-9265-B9C7D4388E03}.Debug|x86.ActiveCfg = Debug|Any CPU
		{450EB820-94A0-4630-9265-B9C7D4388E03}.Debug|x86.Build.0 = Debug|Any CPU
		{450EB820-94A0-4630-9265-B9C7D4388E03}.Release|Any CPU.ActiveCfg = Release|Any CPU
		{450EB820-94A0-4630-9265-B9C7D4388E03}.Release|Any CPU.Build.0 = Release|Any CPU
		{450EB820-94A0-4630-9265-B9C7D4388E03}.Release|x64.ActiveCfg = Release|Any CPU
		{450EB820-94A0-4630-9265-B9C7D4388E03}.Release|x64.Build.0 = Release|Any CPU
		{450EB820-94A0-4630-9265-B9C7D4388E03}.Release|x86.ActiveCfg = Release|Any CPU
		{450EB820-94A0-4630-9265-B9C7D4388E03}.Release|x86.Build.0 = Release|Any CPU
		{12805409-6347-4720-AA04-60AA4C44F4E0}.Debug|Any CPU.ActiveCfg = Debug|Any CPU
		{12805409-6347-4720-AA04-60AA4C44F4E0}.Debug|Any CPU.Build.0 = Debug|Any CPU
		{12805409-6347-4720-AA04-60AA4C44F4E0}.Debug|x64.ActiveCfg = Debug|Any CPU
		{12805409-6347-4720-AA04-60AA4C44F4E0}.Debug|x64.Build.0 = Debug|Any CPU
		{12805409-6347-4720-AA04-60AA4C44F4E0}.Debug|x86.ActiveCfg = Debug|Any CPU
		{12805409-6347-4720-AA04-60AA4C44F4E0}.Debug|x86.Build.0 = Debug|Any CPU
		{12805409-6347-4720-AA04-60AA4C44F4E0}.Release|Any CPU.ActiveCfg = Release|Any CPU
		{12805409-6347-4720-AA04-60AA4C44F4E0}.Release|Any CPU.Build.0 = Release|Any CPU
		{12805409-6347-4720-AA04-60AA4C44F4E0}.Release|x64.ActiveCfg = Release|Any CPU
		{12805409-6347-4720-AA04-60AA4C44F4E0}.Release|x64.Build.0 = Release|Any CPU
		{12805409-6347-4720-AA04-60AA4C44F4E0}.Release|x86.ActiveCfg = Release|Any CPU
		{12805409-6347-4720-AA04-60AA4C44F4E0}.Release|x86.Build.0 = Release|Any CPU
		{1C8B57F5-B822-4B7D-B6E9-F8A2C6C2B675}.Debug|Any CPU.ActiveCfg = Debug|Any CPU
		{1C8B57F5-B822-4B7D-B6E9-F8A2C6C2B675}.Debug|Any CPU.Build.0 = Debug|Any CPU
		{1C8B57F5-B822-4B7D-B6E9-F8A2C6C2B675}.Debug|x64.ActiveCfg = Debug|Any CPU
		{1C8B57F5-B822-4B7D-B6E9-F8A2C6C2B675}.Debug|x64.Build.0 = Debug|Any CPU
		{1C8B57F5-B822-4B7D-B6E9-F8A2C6C2B675}.Debug|x86.ActiveCfg = Debug|Any CPU
		{1C8B57F5-B822-4B7D-B6E9-F8A2C6C2B675}.Debug|x86.Build.0 = Debug|Any CPU
		{1C8B57F5-B822-4B7D-B6E9-F8A2C6C2B675}.Release|Any CPU.ActiveCfg = Release|Any CPU
		{1C8B57F5-B822-4B7D-B6E9-F8A2C6C2B675}.Release|Any CPU.Build.0 = Release|Any CPU
		{1C8B57F5-B822-4B7D-B6E9-F8A2C6C2B675}.Release|x64.ActiveCfg = Release|Any CPU
		{1C8B57F5-B822-4B7D-B6E9-F8A2C6C2B675}.Release|x64.Build.0 = Release|Any CPU
		{1C8B57F5-B822-4B7D-B6E9-F8A2C6C2B675}.Release|x86.ActiveCfg = Release|Any CPU
		{1C8B57F5-B822-4B7D-B6E9-F8A2C6C2B675}.Release|x86.Build.0 = Release|Any CPU
		{B1E1E52B-BB1B-492C-B8E7-1E2C4C74F21C}.Debug|Any CPU.ActiveCfg = Debug|Any CPU
		{B1E1E52B-BB1B-492C-B8E7-1E2C4C74F21C}.Debug|Any CPU.Build.0 = Debug|Any CPU
		{B1E1E52B-BB1B-492C-B8E7-1E2C4C74F21C}.Debug|x64.ActiveCfg = Debug|Any CPU
		{B1E1E52B-BB1B-492C-B8E7-1E2C4C74F21C}.Debug|x64.Build.0 = Debug|Any CPU
		{B1E1E52B-BB1B-492C-B8E7-1E2C4C74F21C}.Debug|x86.ActiveCfg = Debug|Any CPU
		{B1E1E52B-BB1B-492C-B8E7-1E2C4C74F21C}.Debug|x86.Build.0 = Debug|Any CPU
		{B1E1E52B-BB1B-492C-B8E7-1E2C4C74F21C}.Release|Any CPU.ActiveCfg = Release|Any CPU
		{B1E1E52B-BB1B-492C-B8E7-1E2C4C74F21C}.Release|Any CPU.Build.0 = Release|Any CPU
		{B1E1E52B-BB1B-492C-B8E7-1E2C4C74F21C}.Release|x64.ActiveCfg = Release|Any CPU
		{B1E1E52B-BB1B-492C-B8E7-1E2C4C74F21C}.Release|x64.Build.0 = Release|Any CPU
		{B1E1E52B-BB1B-492C-B8E7-1E2C4C74F21C}.Release|x86.ActiveCfg = Release|Any CPU
		{B1E1E52B-BB1B-492C-B8E7-1E2C4C74F21C}.Release|x86.Build.0 = Release|Any CPU
		{B38D5F33-DA1D-4C4A-A7C5-E167DF9AF439}.Debug|Any CPU.ActiveCfg = Debug|Any CPU
		{B38D5F33-DA1D-4C4A-A7C5-E167DF9AF439}.Debug|Any CPU.Build.0 = Debug|Any CPU
		{B38D5F33-DA1D-4C4A-A7C5-E167DF9AF439}.Debug|x64.ActiveCfg = Debug|Any CPU
		{B38D5F33-DA1D-4C4A-A7C5-E167DF9AF439}.Debug|x64.Build.0 = Debug|Any CPU
		{B38D5F33-DA1D-4C4A-A7C5-E167DF9AF439}.Debug|x86.ActiveCfg = Debug|Any CPU
		{B38D5F33-DA1D-4C4A-A7C5-E167DF9AF439}.Debug|x86.Build.0 = Debug|Any CPU
		{B38D5F33-DA1D-4C4A-A7C5-E167DF9AF439}.Release|Any CPU.ActiveCfg = Release|Any CPU
		{B38D5F33-DA1D-4C4A-A7C5-E167DF9AF439}.Release|Any CPU.Build.0 = Release|Any CPU
		{B38D5F33-DA1D-4C4A-A7C5-E167DF9AF439}.Release|x64.ActiveCfg = Release|Any CPU
		{B38D5F33-DA1D-4C4A-A7C5-E167DF9AF439}.Release|x64.Build.0 = Release|Any CPU
		{B38D5F33-DA1D-4C4A-A7C5-E167DF9AF439}.Release|x86.ActiveCfg = Release|Any CPU
		{B38D5F33-DA1D-4C4A-A7C5-E167DF9AF439}.Release|x86.Build.0 = Release|Any CPU
		{07FAA653-0E78-4B74-A0AF-1D41334093B7}.Debug|Any CPU.ActiveCfg = Debug|Any CPU
		{07FAA653-0E78-4B74-A0AF-1D41334093B7}.Debug|Any CPU.Build.0 = Debug|Any CPU
		{07FAA653-0E78-4B74-A0AF-1D41334093B7}.Debug|x64.ActiveCfg = Debug|Any CPU
		{07FAA653-0E78-4B74-A0AF-1D41334093B7}.Debug|x64.Build.0 = Debug|Any CPU
		{07FAA653-0E78-4B74-A0AF-1D41334093B7}.Debug|x86.ActiveCfg = Debug|Any CPU
		{07FAA653-0E78-4B74-A0AF-1D41334093B7}.Debug|x86.Build.0 = Debug|Any CPU
		{07FAA653-0E78-4B74-A0AF-1D41334093B7}.Release|Any CPU.ActiveCfg = Release|Any CPU
		{07FAA653-0E78-4B74-A0AF-1D41334093B7}.Release|Any CPU.Build.0 = Release|Any CPU
		{07FAA653-0E78-4B74-A0AF-1D41334093B7}.Release|x64.ActiveCfg = Release|Any CPU
		{07FAA653-0E78-4B74-A0AF-1D41334093B7}.Release|x64.Build.0 = Release|Any CPU
		{07FAA653-0E78-4B74-A0AF-1D41334093B7}.Release|x86.ActiveCfg = Release|Any CPU
		{07FAA653-0E78-4B74-A0AF-1D41334093B7}.Release|x86.Build.0 = Release|Any CPU
		{9CC0736C-84AE-43ED-BB36-F029439F0ADA}.Debug|Any CPU.ActiveCfg = Debug|Any CPU
		{9CC0736C-84AE-43ED-BB36-F029439F0ADA}.Debug|Any CPU.Build.0 = Debug|Any CPU
		{9CC0736C-84AE-43ED-BB36-F029439F0ADA}.Debug|x64.ActiveCfg = Debug|Any CPU
		{9CC0736C-84AE-43ED-BB36-F029439F0ADA}.Debug|x64.Build.0 = Debug|Any CPU
		{9CC0736C-84AE-43ED-BB36-F029439F0ADA}.Debug|x86.ActiveCfg = Debug|Any CPU
		{9CC0736C-84AE-43ED-BB36-F029439F0ADA}.Debug|x86.Build.0 = Debug|Any CPU
		{9CC0736C-84AE-43ED-BB36-F029439F0ADA}.Release|Any CPU.ActiveCfg = Release|Any CPU
		{9CC0736C-84AE-43ED-BB36-F029439F0ADA}.Release|Any CPU.Build.0 = Release|Any CPU
		{9CC0736C-84AE-43ED-BB36-F029439F0ADA}.Release|x64.ActiveCfg = Release|Any CPU
		{9CC0736C-84AE-43ED-BB36-F029439F0ADA}.Release|x64.Build.0 = Release|Any CPU
		{9CC0736C-84AE-43ED-BB36-F029439F0ADA}.Release|x86.ActiveCfg = Release|Any CPU
		{9CC0736C-84AE-43ED-BB36-F029439F0ADA}.Release|x86.Build.0 = Release|Any CPU
		{9C7AC6DB-860B-4BFF-953B-338707676AA1}.Debug|Any CPU.ActiveCfg = Debug|Any CPU
		{9C7AC6DB-860B-4BFF-953B-338707676AA1}.Debug|Any CPU.Build.0 = Debug|Any CPU
		{9C7AC6DB-860B-4BFF-953B-338707676AA1}.Debug|x64.ActiveCfg = Debug|Any CPU
		{9C7AC6DB-860B-4BFF-953B-338707676AA1}.Debug|x64.Build.0 = Debug|Any CPU
		{9C7AC6DB-860B-4BFF-953B-338707676AA1}.Debug|x86.ActiveCfg = Debug|Any CPU
		{9C7AC6DB-860B-4BFF-953B-338707676AA1}.Debug|x86.Build.0 = Debug|Any CPU
		{9C7AC6DB-860B-4BFF-953B-338707676AA1}.Release|Any CPU.ActiveCfg = Release|Any CPU
		{9C7AC6DB-860B-4BFF-953B-338707676AA1}.Release|Any CPU.Build.0 = Release|Any CPU
		{9C7AC6DB-860B-4BFF-953B-338707676AA1}.Release|x64.ActiveCfg = Release|Any CPU
		{9C7AC6DB-860B-4BFF-953B-338707676AA1}.Release|x64.Build.0 = Release|Any CPU
		{9C7AC6DB-860B-4BFF-953B-338707676AA1}.Release|x86.ActiveCfg = Release|Any CPU
		{9C7AC6DB-860B-4BFF-953B-338707676AA1}.Release|x86.Build.0 = Release|Any CPU
		{78F53843-89B3-4859-8DC4-D3BEF21B5055}.Debug|Any CPU.ActiveCfg = Debug|Any CPU
		{78F53843-89B3-4859-8DC4-D3BEF21B5055}.Debug|Any CPU.Build.0 = Debug|Any CPU
		{78F53843-89B3-4859-8DC4-D3BEF21B5055}.Debug|x64.ActiveCfg = Debug|Any CPU
		{78F53843-89B3-4859-8DC4-D3BEF21B5055}.Debug|x64.Build.0 = Debug|Any CPU
		{78F53843-89B3-4859-8DC4-D3BEF21B5055}.Debug|x86.ActiveCfg = Debug|Any CPU
		{78F53843-89B3-4859-8DC4-D3BEF21B5055}.Debug|x86.Build.0 = Debug|Any CPU
		{78F53843-89B3-4859-8DC4-D3BEF21B5055}.Release|Any CPU.ActiveCfg = Release|Any CPU
		{78F53843-89B3-4859-8DC4-D3BEF21B5055}.Release|Any CPU.Build.0 = Release|Any CPU
		{78F53843-89B3-4859-8DC4-D3BEF21B5055}.Release|x64.ActiveCfg = Release|Any CPU
		{78F53843-89B3-4859-8DC4-D3BEF21B5055}.Release|x64.Build.0 = Release|Any CPU
		{78F53843-89B3-4859-8DC4-D3BEF21B5055}.Release|x86.ActiveCfg = Release|Any CPU
		{78F53843-89B3-4859-8DC4-D3BEF21B5055}.Release|x86.Build.0 = Release|Any CPU
		{9C23794B-C928-49B3-BBED-345F0431B121}.Debug|Any CPU.ActiveCfg = Debug|Any CPU
		{9C23794B-C928-49B3-BBED-345F0431B121}.Debug|Any CPU.Build.0 = Debug|Any CPU
		{9C23794B-C928-49B3-BBED-345F0431B121}.Debug|x64.ActiveCfg = Debug|Any CPU
		{9C23794B-C928-49B3-BBED-345F0431B121}.Debug|x64.Build.0 = Debug|Any CPU
		{9C23794B-C928-49B3-BBED-345F0431B121}.Debug|x86.ActiveCfg = Debug|Any CPU
		{9C23794B-C928-49B3-BBED-345F0431B121}.Debug|x86.Build.0 = Debug|Any CPU
		{9C23794B-C928-49B3-BBED-345F0431B121}.Release|Any CPU.ActiveCfg = Release|Any CPU
		{9C23794B-C928-49B3-BBED-345F0431B121}.Release|Any CPU.Build.0 = Release|Any CPU
		{9C23794B-C928-49B3-BBED-345F0431B121}.Release|x64.ActiveCfg = Release|Any CPU
		{9C23794B-C928-49B3-BBED-345F0431B121}.Release|x64.Build.0 = Release|Any CPU
		{9C23794B-C928-49B3-BBED-345F0431B121}.Release|x86.ActiveCfg = Release|Any CPU
		{9C23794B-C928-49B3-BBED-345F0431B121}.Release|x86.Build.0 = Release|Any CPU
	EndGlobalSection
	GlobalSection(SolutionProperties) = preSolution
		HideSolutionNode = FALSE
	EndGlobalSection
	GlobalSection(ExtensibilityGlobals) = postSolution
		SolutionGuid = {8EB1FDA7-8CCB-4996-9E0A-58C9079E264F}
	EndGlobalSection
EndGlobal
